// !$*UTF8*$!
{
	archiveVersion = 1;
	classes = {
	};
	objectVersion = 50;
	objects = {

/* Begin PBXBuildFile section */
		34811DE8274B93FB00A1E994 /* main.swift in Sources */ = {isa = PBXBuildFile; fileRef = 34811DE7274B93FB00A1E994 /* main.swift */; };
		7B782E58281FF40000240417 /* Exercise.swift in Sources */ = {isa = PBXBuildFile; fileRef = 7B782E57281FF40000240417 /* Exercise.swift */; };
		7B782E5A281FF4AA00240417 /* BodyCondition.swift in Sources */ = {isa = PBXBuildFile; fileRef = 7B782E59281FF4AA00240417 /* BodyCondition.swift */; };
		7B782E5C281FFC6F00240417 /* Routine.swift in Sources */ = {isa = PBXBuildFile; fileRef = 7B782E5B281FFC6F00240417 /* Routine.swift */; };
		7B9D79AB2824159300F92A01 /* Person.swift in Sources */ = {isa = PBXBuildFile; fileRef = 7B9D79AA2824159300F92A01 /* Person.swift */; };
		7BB7C2F82826A83100FC4BD1 /* FitnessCenter.swift in Sources */ = {isa = PBXBuildFile; fileRef = 7BB7C2F72826A83100FC4BD1 /* FitnessCenter.swift */; };
		7BB7C2FA282863A500FC4BD1 /* GuestRegister.swift in Sources */ = {isa = PBXBuildFile; fileRef = 7BB7C2F9282863A500FC4BD1 /* GuestRegister.swift */; };
		7BB7C2FC2828658A00FC4BD1 /* BodyPart.swift in Sources */ = {isa = PBXBuildFile; fileRef = 7BB7C2FB2828658A00FC4BD1 /* BodyPart.swift */; };
		7BB7C2FE282865A500FC4BD1 /* StringInputError.swift in Sources */ = {isa = PBXBuildFile; fileRef = 7BB7C2FD282865A500FC4BD1 /* StringInputError.swift */; };
		7BB7C300282865B600FC4BD1 /* IntegerInputError.swift in Sources */ = {isa = PBXBuildFile; fileRef = 7BB7C2FF282865B600FC4BD1 /* IntegerInputError.swift */; };
		7BB7C30728286B1D00FC4BD1 /* ExerciseState.swift in Sources */ = {isa = PBXBuildFile; fileRef = 7BB7C30628286B1D00FC4BD1 /* ExerciseState.swift */; };
		7BFDBED7282871B700CF453C /* Int_Extension.swift in Sources */ = {isa = PBXBuildFile; fileRef = 7BFDBED6282871B700CF453C /* Int_Extension.swift */; };
/* End PBXBuildFile section */

/* Begin PBXCopyFilesBuildPhase section */
		34811DE2274B93FB00A1E994 /* CopyFiles */ = {
			isa = PBXCopyFilesBuildPhase;
			buildActionMask = 2147483647;
			dstPath = /usr/share/man/man1/;
			dstSubfolderSpec = 0;
			files = (
			);
			runOnlyForDeploymentPostprocessing = 1;
		};
/* End PBXCopyFilesBuildPhase section */

/* Begin PBXFileReference section */
		34811DE4274B93FB00A1E994 /* CodeStarterCamp_Week4 */ = {isa = PBXFileReference; explicitFileType = "compiled.mach-o.executable"; includeInIndex = 0; path = CodeStarterCamp_Week4; sourceTree = BUILT_PRODUCTS_DIR; };
		34811DE7274B93FB00A1E994 /* main.swift */ = {isa = PBXFileReference; lastKnownFileType = sourcecode.swift; path = main.swift; sourceTree = "<group>"; };
		7B782E57281FF40000240417 /* Exercise.swift */ = {isa = PBXFileReference; lastKnownFileType = sourcecode.swift; path = Exercise.swift; sourceTree = "<group>"; };
		7B782E59281FF4AA00240417 /* BodyCondition.swift */ = {isa = PBXFileReference; lastKnownFileType = sourcecode.swift; path = BodyCondition.swift; sourceTree = "<group>"; };
		7B782E5B281FFC6F00240417 /* Routine.swift */ = {isa = PBXFileReference; lastKnownFileType = sourcecode.swift; path = Routine.swift; sourceTree = "<group>"; };
		7B9D79AA2824159300F92A01 /* Person.swift */ = {isa = PBXFileReference; lastKnownFileType = sourcecode.swift; path = Person.swift; sourceTree = "<group>"; };
		7BB7C2F72826A83100FC4BD1 /* FitnessCenter.swift */ = {isa = PBXFileReference; lastKnownFileType = sourcecode.swift; path = FitnessCenter.swift; sourceTree = "<group>"; };
		7BB7C2F9282863A500FC4BD1 /* GuestRegister.swift */ = {isa = PBXFileReference; lastKnownFileType = sourcecode.swift; path = GuestRegister.swift; sourceTree = "<group>"; };
		7BB7C2FB2828658A00FC4BD1 /* BodyPart.swift */ = {isa = PBXFileReference; lastKnownFileType = sourcecode.swift; path = BodyPart.swift; sourceTree = "<group>"; };
		7BB7C2FD282865A500FC4BD1 /* StringInputError.swift */ = {isa = PBXFileReference; lastKnownFileType = sourcecode.swift; path = StringInputError.swift; sourceTree = "<group>"; };
		7BB7C2FF282865B600FC4BD1 /* IntegerInputError.swift */ = {isa = PBXFileReference; lastKnownFileType = sourcecode.swift; path = IntegerInputError.swift; sourceTree = "<group>"; };
		7BB7C30628286B1D00FC4BD1 /* ExerciseState.swift */ = {isa = PBXFileReference; lastKnownFileType = sourcecode.swift; path = ExerciseState.swift; sourceTree = "<group>"; };
		7BFDBED6282871B700CF453C /* Int_Extension.swift */ = {isa = PBXFileReference; lastKnownFileType = sourcecode.swift; path = Int_Extension.swift; sourceTree = "<group>"; };
/* End PBXFileReference section */

/* Begin PBXFrameworksBuildPhase section */
		34811DE1274B93FB00A1E994 /* Frameworks */ = {
			isa = PBXFrameworksBuildPhase;
			buildActionMask = 2147483647;
			files = (
			);
			runOnlyForDeploymentPostprocessing = 0;
		};
/* End PBXFrameworksBuildPhase section */

/* Begin PBXGroup section */
		34811DDB274B93FB00A1E994 = {
			isa = PBXGroup;
			children = (
				34811DE6274B93FB00A1E994 /* CodeStarterCamp_Week4 */,
				34811DE5274B93FB00A1E994 /* Products */,
			);
			sourceTree = "<group>";
		};
		34811DE5274B93FB00A1E994 /* Products */ = {
			isa = PBXGroup;
			children = (
				34811DE4274B93FB00A1E994 /* CodeStarterCamp_Week4 */,
			);
			name = Products;
			sourceTree = "<group>";
		};
		34811DE6274B93FB00A1E994 /* CodeStarterCamp_Week4 */ = {
			isa = PBXGroup;
			children = (
				7BB7C3092828713000FC4BD1 /* Extension */,
				34811DE7274B93FB00A1E994 /* main.swift */,
				7B782E57281FF40000240417 /* Exercise.swift */,
				7B782E59281FF4AA00240417 /* BodyCondition.swift */,
				7B782E5B281FFC6F00240417 /* Routine.swift */,
				7B9D79AA2824159300F92A01 /* Person.swift */,
				7BB7C2F72826A83100FC4BD1 /* FitnessCenter.swift */,
				7BB7C2F9282863A500FC4BD1 /* GuestRegister.swift */,
				7BB7C30828286F4600FC4BD1 /* ExerciseSet */,
				7BB7C305282865F100FC4BD1 /* InputError */,
			);
			path = CodeStarterCamp_Week4;
			sourceTree = "<group>";
		};
		7BB7C305282865F100FC4BD1 /* InputError */ = {
			isa = PBXGroup;
			children = (
				7BB7C2FD282865A500FC4BD1 /* StringInputError.swift */,
				7BB7C2FF282865B600FC4BD1 /* IntegerInputError.swift */,
			);
			path = InputError;
			sourceTree = "<group>";
		};
		7BB7C30828286F4600FC4BD1 /* ExerciseSet */ = {
			isa = PBXGroup;
			children = (
				7BB7C2FB2828658A00FC4BD1 /* BodyPart.swift */,
				7BB7C30628286B1D00FC4BD1 /* ExerciseState.swift */,
			);
			path = ExerciseSet;
			sourceTree = "<group>";
		};
		7BB7C3092828713000FC4BD1 /* Extension */ = {
			isa = PBXGroup;
			children = (
				7BFDBED6282871B700CF453C /* Int_Extension.swift */,
			);
			path = Extension;
			sourceTree = "<group>";
		};
/* End PBXGroup section */

/* Begin PBXNativeTarget section */
		34811DE3274B93FB00A1E994 /* CodeStarterCamp_Week4 */ = {
			isa = PBXNativeTarget;
			buildConfigurationList = 34811DEB274B93FB00A1E994 /* Build configuration list for PBXNativeTarget "CodeStarterCamp_Week4" */;
			buildPhases = (
				34811DE0274B93FB00A1E994 /* Sources */,
				34811DE1274B93FB00A1E994 /* Frameworks */,
				34811DE2274B93FB00A1E994 /* CopyFiles */,
			);
			buildRules = (
			);
			dependencies = (
			);
			name = CodeStarterCamp_Week4;
			productName = CodeStarterCamp_Week4;
			productReference = 34811DE4274B93FB00A1E994 /* CodeStarterCamp_Week4 */;
			productType = "com.apple.product-type.tool";
		};
/* End PBXNativeTarget section */

/* Begin PBXProject section */
		34811DDC274B93FB00A1E994 /* Project object */ = {
			isa = PBXProject;
			attributes = {
				LastSwiftUpdateCheck = 1250;
				LastUpgradeCheck = 1250;
				TargetAttributes = {
					34811DE3274B93FB00A1E994 = {
						CreatedOnToolsVersion = 12.5.1;
					};
				};
			};
			buildConfigurationList = 34811DDF274B93FB00A1E994 /* Build configuration list for PBXProject "CodeStarterCamp_Week4" */;
			compatibilityVersion = "Xcode 9.3";
			developmentRegion = en;
			hasScannedForEncodings = 0;
			knownRegions = (
				en,
				Base,
			);
			mainGroup = 34811DDB274B93FB00A1E994;
			productRefGroup = 34811DE5274B93FB00A1E994 /* Products */;
			projectDirPath = "";
			projectRoot = "";
			targets = (
				34811DE3274B93FB00A1E994 /* CodeStarterCamp_Week4 */,
			);
		};
/* End PBXProject section */

/* Begin PBXSourcesBuildPhase section */
		34811DE0274B93FB00A1E994 /* Sources */ = {
			isa = PBXSourcesBuildPhase;
			buildActionMask = 2147483647;
			files = (
				7B9D79AB2824159300F92A01 /* Person.swift in Sources */,
				7BB7C2FE282865A500FC4BD1 /* StringInputError.swift in Sources */,
				7BB7C300282865B600FC4BD1 /* IntegerInputError.swift in Sources */,
				7BB7C30728286B1D00FC4BD1 /* ExerciseState.swift in Sources */,
				7BB7C2F82826A83100FC4BD1 /* FitnessCenter.swift in Sources */,
				34811DE8274B93FB00A1E994 /* main.swift in Sources */,
				7B782E5A281FF4AA00240417 /* BodyCondition.swift in Sources */,
				7BB7C2FA282863A500FC4BD1 /* GuestRegister.swift in Sources */,
				7B782E5C281FFC6F00240417 /* Routine.swift in Sources */,
				7BFDBED7282871B700CF453C /* Int_Extension.swift in Sources */,
				7BB7C2FC2828658A00FC4BD1 /* BodyPart.swift in Sources */,
				7B782E58281FF40000240417 /* Exercise.swift in Sources */,
			);
			runOnlyForDeploymentPostprocessing = 0;
		};
/* End PBXSourcesBuildPhase section */

/* Begin XCBuildConfiguration section */
		34811DE9274B93FB00A1E994 /* Debug */ = {
			isa = XCBuildConfiguration;
			buildSettings = {
				ALWAYS_SEARCH_USER_PATHS = NO;
				CLANG_ANALYZER_NONNULL = YES;
				CLANG_ANALYZER_NUMBER_OBJECT_CONVERSION = YES_AGGRESSIVE;
				CLANG_CXX_LANGUAGE_STANDARD = "gnu++14";
				CLANG_CXX_LIBRARY = "libc++";
				CLANG_ENABLE_MODULES = YES;
				CLANG_ENABLE_OBJC_ARC = YES;
				CLANG_ENABLE_OBJC_WEAK = YES;
				CLANG_WARN_BLOCK_CAPTURE_AUTORELEASING = YES;
				CLANG_WARN_BOOL_CONVERSION = YES;
				CLANG_WARN_COMMA = YES;
				CLANG_WARN_CONSTANT_CONVERSION = YES;
				CLANG_WARN_DEPRECATED_OBJC_IMPLEMENTATIONS = YES;
				CLANG_WARN_DIRECT_OBJC_ISA_USAGE = YES_ERROR;
				CLANG_WARN_DOCUMENTATION_COMMENTS = YES;
				CLANG_WARN_EMPTY_BODY = YES;
				CLANG_WARN_ENUM_CONVERSION = YES;
				CLANG_WARN_INFINITE_RECURSION = YES;
				CLANG_WARN_INT_CONVERSION = YES;
				CLANG_WARN_NON_LITERAL_NULL_CONVERSION = YES;
				CLANG_WARN_OBJC_IMPLICIT_RETAIN_SELF = YES;
				CLANG_WARN_OBJC_LITERAL_CONVERSION = YES;
				CLANG_WARN_OBJC_ROOT_CLASS = YES_ERROR;
				CLANG_WARN_QUOTED_INCLUDE_IN_FRAMEWORK_HEADER = YES;
				CLANG_WARN_RANGE_LOOP_ANALYSIS = YES;
				CLANG_WARN_STRICT_PROTOTYPES = YES;
				CLANG_WARN_SUSPICIOUS_MOVE = YES;
				CLANG_WARN_UNGUARDED_AVAILABILITY = YES_AGGRESSIVE;
				CLANG_WARN_UNREACHABLE_CODE = YES;
				CLANG_WARN__DUPLICATE_METHOD_MATCH = YES;
				COPY_PHASE_STRIP = NO;
				DEBUG_INFORMATION_FORMAT = dwarf;
				ENABLE_STRICT_OBJC_MSGSEND = YES;
				ENABLE_TESTABILITY = YES;
				GCC_C_LANGUAGE_STANDARD = gnu11;
				GCC_DYNAMIC_NO_PIC = NO;
				GCC_NO_COMMON_BLOCKS = YES;
				GCC_OPTIMIZATION_LEVEL = 0;
				GCC_PREPROCESSOR_DEFINITIONS = (
					"DEBUG=1",
					"$(inherited)",
				);
				GCC_WARN_64_TO_32_BIT_CONVERSION = YES;
				GCC_WARN_ABOUT_RETURN_TYPE = YES_ERROR;
				GCC_WARN_UNDECLARED_SELECTOR = YES;
				GCC_WARN_UNINITIALIZED_AUTOS = YES_AGGRESSIVE;
				GCC_WARN_UNUSED_FUNCTION = YES;
				GCC_WARN_UNUSED_VARIABLE = YES;
				MACOSX_DEPLOYMENT_TARGET = 11.3;
				MTL_ENABLE_DEBUG_INFO = INCLUDE_SOURCE;
				MTL_FAST_MATH = YES;
				ONLY_ACTIVE_ARCH = YES;
				SDKROOT = macosx;
				SWIFT_ACTIVE_COMPILATION_CONDITIONS = DEBUG;
				SWIFT_OPTIMIZATION_LEVEL = "-Onone";
			};
			name = Debug;
		};
		34811DEA274B93FB00A1E994 /* Release */ = {
			isa = XCBuildConfiguration;
			buildSettings = {
				ALWAYS_SEARCH_USER_PATHS = NO;
				CLANG_ANALYZER_NONNULL = YES;
				CLANG_ANALYZER_NUMBER_OBJECT_CONVERSION = YES_AGGRESSIVE;
				CLANG_CXX_LANGUAGE_STANDARD = "gnu++14";
				CLANG_CXX_LIBRARY = "libc++";
				CLANG_ENABLE_MODULES = YES;
				CLANG_ENABLE_OBJC_ARC = YES;
				CLANG_ENABLE_OBJC_WEAK = YES;
				CLANG_WARN_BLOCK_CAPTURE_AUTORELEASING = YES;
				CLANG_WARN_BOOL_CONVERSION = YES;
				CLANG_WARN_COMMA = YES;
				CLANG_WARN_CONSTANT_CONVERSION = YES;
				CLANG_WARN_DEPRECATED_OBJC_IMPLEMENTATIONS = YES;
				CLANG_WARN_DIRECT_OBJC_ISA_USAGE = YES_ERROR;
				CLANG_WARN_DOCUMENTATION_COMMENTS = YES;
				CLANG_WARN_EMPTY_BODY = YES;
				CLANG_WARN_ENUM_CONVERSION = YES;
				CLANG_WARN_INFINITE_RECURSION = YES;
				CLANG_WARN_INT_CONVERSION = YES;
				CLANG_WARN_NON_LITERAL_NULL_CONVERSION = YES;
				CLANG_WARN_OBJC_IMPLICIT_RETAIN_SELF = YES;
				CLANG_WARN_OBJC_LITERAL_CONVERSION = YES;
				CLANG_WARN_OBJC_ROOT_CLASS = YES_ERROR;
				CLANG_WARN_QUOTED_INCLUDE_IN_FRAMEWORK_HEADER = YES;
				CLANG_WARN_RANGE_LOOP_ANALYSIS = YES;
				CLANG_WARN_STRICT_PROTOTYPES = YES;
				CLANG_WARN_SUSPICIOUS_MOVE = YES;
				CLANG_WARN_UNGUARDED_AVAILABILITY = YES_AGGRESSIVE;
				CLANG_WARN_UNREACHABLE_CODE = YES;
				CLANG_WARN__DUPLICATE_METHOD_MATCH = YES;
				COPY_PHASE_STRIP = NO;
				DEBUG_INFORMATION_FORMAT = "dwarf-with-dsym";
				ENABLE_NS_ASSERTIONS = NO;
				ENABLE_STRICT_OBJC_MSGSEND = YES;
				GCC_C_LANGUAGE_STANDARD = gnu11;
				GCC_NO_COMMON_BLOCKS = YES;
				GCC_WARN_64_TO_32_BIT_CONVERSION = YES;
				GCC_WARN_ABOUT_RETURN_TYPE = YES_ERROR;
				GCC_WARN_UNDECLARED_SELECTOR = YES;
				GCC_WARN_UNINITIALIZED_AUTOS = YES_AGGRESSIVE;
				GCC_WARN_UNUSED_FUNCTION = YES;
				GCC_WARN_UNUSED_VARIABLE = YES;
				MACOSX_DEPLOYMENT_TARGET = 11.3;
				MTL_ENABLE_DEBUG_INFO = NO;
				MTL_FAST_MATH = YES;
				SDKROOT = macosx;
				SWIFT_COMPILATION_MODE = wholemodule;
				SWIFT_OPTIMIZATION_LEVEL = "-O";
			};
			name = Release;
		};
		34811DEC274B93FB00A1E994 /* Debug */ = {
			isa = XCBuildConfiguration;
			buildSettings = {
				CODE_SIGN_STYLE = Automatic;
				PRODUCT_NAME = "$(TARGET_NAME)";
				SWIFT_VERSION = 5.0;
			};
			name = Debug;
		};
		34811DED274B93FB00A1E994 /* Release */ = {
			isa = XCBuildConfiguration;
			buildSettings = {
				CODE_SIGN_STYLE = Automatic;
				PRODUCT_NAME = "$(TARGET_NAME)";
				SWIFT_VERSION = 5.0;
			};
			name = Release;
		};
/* End XCBuildConfiguration section */

/* Begin XCConfigurationList section */
		34811DDF274B93FB00A1E994 /* Build configuration list for PBXProject "CodeStarterCamp_Week4" */ = {
			isa = XCConfigurationList;
			buildConfigurations = (
				34811DE9274B93FB00A1E994 /* Debug */,
				34811DEA274B93FB00A1E994 /* Release */,
			);
			defaultConfigurationIsVisible = 0;
			defaultConfigurationName = Release;
		};
		34811DEB274B93FB00A1E994 /* Build configuration list for PBXNativeTarget "CodeStarterCamp_Week4" */ = {
			isa = XCConfigurationList;
			buildConfigurations = (
				34811DEC274B93FB00A1E994 /* Debug */,
				34811DED274B93FB00A1E994 /* Release */,
			);
			defaultConfigurationIsVisible = 0;
			defaultConfigurationName = Release;
		};
/* End XCConfigurationList section */
	};
	rootObject = 34811DDC274B93FB00A1E994 /* Project object */;
}
